// !$*UTF8*$!
{
	archiveVersion = 1;
	classes = {
	};
	objectVersion = 46;
	objects = {

/* Begin PBXBuildFile section */
		19DF7EF21C1FA4F90003030A /* AppDelegate.swift in Sources */ = {isa = PBXBuildFile; fileRef = 19DF7EF11C1FA4F90003030A /* AppDelegate.swift */; };
		19DF7EF41C1FA4F90003030A /* ViewController.swift in Sources */ = {isa = PBXBuildFile; fileRef = 19DF7EF31C1FA4F90003030A /* ViewController.swift */; };
		19DF7EF71C1FA4F90003030A /* Main.storyboard in Resources */ = {isa = PBXBuildFile; fileRef = 19DF7EF51C1FA4F90003030A /* Main.storyboard */; };
		19DF7EF91C1FA4F90003030A /* Assets.xcassets in Resources */ = {isa = PBXBuildFile; fileRef = 19DF7EF81C1FA4F90003030A /* Assets.xcassets */; };
		19DF7EFC1C1FA4F90003030A /* LaunchScreen.storyboard in Resources */ = {isa = PBXBuildFile; fileRef = 19DF7EFA1C1FA4F90003030A /* LaunchScreen.storyboard */; };
		19DF7F071C1FA4F90003030A /* JamelCalculatorTipTests.swift in Sources */ = {isa = PBXBuildFile; fileRef = 19DF7F061C1FA4F90003030A /* JamelCalculatorTipTests.swift */; };
		19DF7F121C1FA4F90003030A /* JamelCalculatorTipUITests.swift in Sources */ = {isa = PBXBuildFile; fileRef = 19DF7F111C1FA4F90003030A /* JamelCalculatorTipUITests.swift */; };
/* End PBXBuildFile section */

/* Begin PBXContainerItemProxy section */
		19DF7F031C1FA4F90003030A /* PBXContainerItemProxy */ = {
			isa = PBXContainerItemProxy;
			containerPortal = 19DF7EE61C1FA4F90003030A /* Project object */;
			proxyType = 1;
			remoteGlobalIDString = 19DF7EED1C1FA4F90003030A;
			remoteInfo = JamelCalculatorTip;
		};
		19DF7F0E1C1FA4F90003030A /* PBXContainerItemProxy */ = {
			isa = PBXContainerItemProxy;
			containerPortal = 19DF7EE61C1FA4F90003030A /* Project object */;
			proxyType = 1;
			remoteGlobalIDString = 19DF7EED1C1FA4F90003030A;
			remoteInfo = JamelCalculatorTip;
		};
/* End PBXContainerItemProxy section */

/* Begin PBXFileReference section */
		19DF7EEE1C1FA4F90003030A /* JamelCalculatorTip.app */ = {isa = PBXFileReference; explicitFileType = wrapper.application; includeInIndex = 0; path = JamelCalculatorTip.app; sourceTree = BUILT_PRODUCTS_DIR; };
		19DF7EF11C1FA4F90003030A /* AppDelegate.swift */ = {isa = PBXFileReference; lastKnownFileType = sourcecode.swift; path = AppDelegate.swift; sourceTree = "<group>"; };
		19DF7EF31C1FA4F90003030A /* ViewController.swift */ = {isa = PBXFileReference; lastKnownFileType = sourcecode.swift; path = ViewController.swift; sourceTree = "<group>"; };
		19DF7EF61C1FA4F90003030A /* Base */ = {isa = PBXFileReference; lastKnownFileType = file.storyboard; name = Base; path = Base.lproj/Main.storyboard; sourceTree = "<group>"; };
		19DF7EF81C1FA4F90003030A /* Assets.xcassets */ = {isa = PBXFileReference; lastKnownFileType = folder.assetcatalog; path = Assets.xcassets; sourceTree = "<group>"; };
		19DF7EFB1C1FA4F90003030A /* Base */ = {isa = PBXFileReference; lastKnownFileType = file.storyboard; name = Base; path = Base.lproj/LaunchScreen.storyboard; sourceTree = "<group>"; };
		19DF7EFD1C1FA4F90003030A /* Info.plist */ = {isa = PBXFileReference; lastKnownFileType = text.plist.xml; path = Info.plist; sourceTree = "<group>"; };
		19DF7F021C1FA4F90003030A /* JamelCalculatorTipTests.xctest */ = {isa = PBXFileReference; explicitFileType = wrapper.cfbundle; includeInIndex = 0; path = JamelCalculatorTipTests.xctest; sourceTree = BUILT_PRODUCTS_DIR; };
		19DF7F061C1FA4F90003030A /* JamelCalculatorTipTests.swift */ = {isa = PBXFileReference; lastKnownFileType = sourcecode.swift; path = JamelCalculatorTipTests.swift; sourceTree = "<group>"; };
		19DF7F081C1FA4F90003030A /* Info.plist */ = {isa = PBXFileReference; lastKnownFileType = text.plist.xml; path = Info.plist; sourceTree = "<group>"; };
		19DF7F0D1C1FA4F90003030A /* JamelCalculatorTipUITests.xctest */ = {isa = PBXFileReference; explicitFileType = wrapper.cfbundle; includeInIndex = 0; path = JamelCalculatorTipUITests.xctest; sourceTree = BUILT_PRODUCTS_DIR; };
		19DF7F111C1FA4F90003030A /* JamelCalculatorTipUITests.swift */ = {isa = PBXFileReference; lastKnownFileType = sourcecode.swift; path = JamelCalculatorTipUITests.swift; sourceTree = "<group>"; };
		19DF7F131C1FA4F90003030A /* Info.plist */ = {isa = PBXFileReference; lastKnownFileType = text.plist.xml; path = Info.plist; sourceTree = "<group>"; };
/* End PBXFileReference section */

/* Begin PBXFrameworksBuildPhase section */
		19DF7EEB1C1FA4F90003030A /* Frameworks */ = {
			isa = PBXFrameworksBuildPhase;
			buildActionMask = 2147483647;
			files = (
			);
			runOnlyForDeploymentPostprocessing = 0;
		};
		19DF7EFF1C1FA4F90003030A /* Frameworks */ = {
			isa = PBXFrameworksBuildPhase;
			buildActionMask = 2147483647;
			files = (
			);
			runOnlyForDeploymentPostprocessing = 0;
		};
		19DF7F0A1C1FA4F90003030A /* Frameworks */ = {
			isa = PBXFrameworksBuildPhase;
			buildActionMask = 2147483647;
			files = (
			);
			runOnlyForDeploymentPostprocessing = 0;
		};
/* End PBXFrameworksBuildPhase section */

/* Begin PBXGroup section */
		19DF7EE51C1FA4F90003030A = {
			isa = PBXGroup;
			children = (
				19DF7EF01C1FA4F90003030A /* JamelCalculatorTip */,
				19DF7F051C1FA4F90003030A /* JamelCalculatorTipTests */,
				19DF7F101C1FA4F90003030A /* JamelCalculatorTipUITests */,
				19DF7EEF1C1FA4F90003030A /* Products */,
			);
			sourceTree = "<group>";
		};
		19DF7EEF1C1FA4F90003030A /* Products */ = {
			isa = PBXGroup;
			children = (
				19DF7EEE1C1FA4F90003030A /* JamelCalculatorTip.app */,
				19DF7F021C1FA4F90003030A /* JamelCalculatorTipTests.xctest */,
				19DF7F0D1C1FA4F90003030A /* JamelCalculatorTipUITests.xctest */,
			);
			name = Products;
			sourceTree = "<group>";
		};
		19DF7EF01C1FA4F90003030A /* JamelCalculatorTip */ = {
			isa = PBXGroup;
			children = (
				19DF7EF11C1FA4F90003030A /* AppDelegate.swift */,
				19DF7EF31C1FA4F90003030A /* ViewController.swift */,
				19DF7EF51C1FA4F90003030A /* Main.storyboard */,
				19DF7EF81C1FA4F90003030A /* Assets.xcassets */,
				19DF7EFA1C1FA4F90003030A /* LaunchScreen.storyboard */,
				19DF7EFD1C1FA4F90003030A /* Info.plist */,
			);
			path = JamelCalculatorTip;
			sourceTree = "<group>";
		};
		19DF7F051C1FA4F90003030A /* JamelCalculatorTipTests */ = {
			isa = PBXGroup;
			children = (
				19DF7F061C1FA4F90003030A /* JamelCalculatorTipTests.swift */,
				19DF7F081C1FA4F90003030A /* Info.plist */,
			);
			path = JamelCalculatorTipTests;
			sourceTree = "<group>";
		};
		19DF7F101C1FA4F90003030A /* JamelCalculatorTipUITests */ = {
			isa = PBXGroup;
			children = (
				19DF7F111C1FA4F90003030A /* JamelCalculatorTipUITests.swift */,
				19DF7F131C1FA4F90003030A /* Info.plist */,
			);
			path = JamelCalculatorTipUITests;
			sourceTree = "<group>";
		};
/* End PBXGroup section */

/* Begin PBXNativeTarget section */
		19DF7EED1C1FA4F90003030A /* JamelCalculatorTip */ = {
			isa = PBXNativeTarget;
			buildConfigurationList = 19DF7F161C1FA4F90003030A /* Build configuration list for PBXNativeTarget "JamelCalculatorTip" */;
			buildPhases = (
				19DF7EEA1C1FA4F90003030A /* Sources */,
				19DF7EEB1C1FA4F90003030A /* Frameworks */,
				19DF7EEC1C1FA4F90003030A /* Resources */,
			);
			buildRules = (
			);
			dependencies = (
			);
			name = JamelCalculatorTip;
			productName = JamelCalculatorTip;
			productReference = 19DF7EEE1C1FA4F90003030A /* JamelCalculatorTip.app */;
			productType = "com.apple.product-type.application";
		};
		19DF7F011C1FA4F90003030A /* JamelCalculatorTipTests */ = {
			isa = PBXNativeTarget;
			buildConfigurationList = 19DF7F191C1FA4F90003030A /* Build configuration list for PBXNativeTarget "JamelCalculatorTipTests" */;
			buildPhases = (
				19DF7EFE1C1FA4F90003030A /* Sources */,
				19DF7EFF1C1FA4F90003030A /* Frameworks */,
				19DF7F001C1FA4F90003030A /* Resources */,
			);
			buildRules = (
			);
			dependencies = (
				19DF7F041C1FA4F90003030A /* PBXTargetDependency */,
			);
			name = JamelCalculatorTipTests;
			productName = JamelCalculatorTipTests;
			productReference = 19DF7F021C1FA4F90003030A /* JamelCalculatorTipTests.xctest */;
			productType = "com.apple.product-type.bundle.unit-test";
		};
		19DF7F0C1C1FA4F90003030A /* JamelCalculatorTipUITests */ = {
			isa = PBXNativeTarget;
			buildConfigurationList = 19DF7F1C1C1FA4F90003030A /* Build configuration list for PBXNativeTarget "JamelCalculatorTipUITests" */;
			buildPhases = (
				19DF7F091C1FA4F90003030A /* Sources */,
				19DF7F0A1C1FA4F90003030A /* Frameworks */,
				19DF7F0B1C1FA4F90003030A /* Resources */,
			);
			buildRules = (
			);
			dependencies = (
				19DF7F0F1C1FA4F90003030A /* PBXTargetDependency */,
			);
			name = JamelCalculatorTipUITests;
			productName = JamelCalculatorTipUITests;
			productReference = 19DF7F0D1C1FA4F90003030A /* JamelCalculatorTipUITests.xctest */;
			productType = "com.apple.product-type.bundle.ui-testing";
		};
/* End PBXNativeTarget section */

/* Begin PBXProject section */
		19DF7EE61C1FA4F90003030A /* Project object */ = {
			isa = PBXProject;
			attributes = {
				LastUpgradeCheck = 0700;
				ORGANIZATIONNAME = "Jamel Peralta Coss";
				TargetAttributes = {
					19DF7EED1C1FA4F90003030A = {
						CreatedOnToolsVersion = 7.0.1;
						DevelopmentTeam = B2BLV778EK;
					};
					19DF7F011C1FA4F90003030A = {
						CreatedOnToolsVersion = 7.0.1;
						DevelopmentTeam = B2BLV778EK;
						TestTargetID = 19DF7EED1C1FA4F90003030A;
					};
					19DF7F0C1C1FA4F90003030A = {
						CreatedOnToolsVersion = 7.0.1;
						DevelopmentTeam = B2BLV778EK;
						TestTargetID = 19DF7EED1C1FA4F90003030A;
					};
				};
			};
			buildConfigurationList = 19DF7EE91C1FA4F90003030A /* Build configuration list for PBXProject "JamelCalculatorTip" */;
			compatibilityVersion = "Xcode 3.2";
			developmentRegion = English;
			hasScannedForEncodings = 0;
			knownRegions = (
				en,
				Base,
			);
			mainGroup = 19DF7EE51C1FA4F90003030A;
			productRefGroup = 19DF7EEF1C1FA4F90003030A /* Products */;
			projectDirPath = "";
			projectRoot = "";
			targets = (
				19DF7EED1C1FA4F90003030A /* JamelCalculatorTip */,
				19DF7F011C1FA4F90003030A /* JamelCalculatorTipTests */,
				19DF7F0C1C1FA4F90003030A /* JamelCalculatorTipUITests */,
			);
		};
/* End PBXProject section */

/* Begin PBXResourcesBuildPhase section */
		19DF7EEC1C1FA4F90003030A /* Resources */ = {
			isa = PBXResourcesBuildPhase;
			buildActionMask = 2147483647;
			files = (
				19DF7EFC1C1FA4F90003030A /* LaunchScreen.storyboard in Resources */,
				19DF7EF91C1FA4F90003030A /* Assets.xcassets in Resources */,
				19DF7EF71C1FA4F90003030A /* Main.storyboard in Resources */,
			);
			runOnlyForDeploymentPostprocessing = 0;
		};
		19DF7F001C1FA4F90003030A /* Resources */ = {
			isa = PBXResourcesBuildPhase;
			buildActionMask = 2147483647;
			files = (
			);
			runOnlyForDeploymentPostprocessing = 0;
		};
		19DF7F0B1C1FA4F90003030A /* Resources */ = {
			isa = PBXResourcesBuildPhase;
			buildActionMask = 2147483647;
			files = (
			);
			runOnlyForDeploymentPostprocessing = 0;
		};
/* End PBXResourcesBuildPhase section */

/* Begin PBXSourcesBuildPhase section */
		19DF7EEA1C1FA4F90003030A /* Sources */ = {
			isa = PBXSourcesBuildPhase;
			buildActionMask = 2147483647;
			files = (
				19DF7EF41C1FA4F90003030A /* ViewController.swift in Sources */,
				19DF7EF21C1FA4F90003030A /* AppDelegate.swift in Sources */,
			);
			runOnlyForDeploymentPostprocessing = 0;
		};
		19DF7EFE1C1FA4F90003030A /* Sources */ = {
			isa = PBXSourcesBuildPhase;
			buildActionMask = 2147483647;
			files = (
				19DF7F071C1FA4F90003030A /* JamelCalculatorTipTests.swift in Sources */,
			);
			runOnlyForDeploymentPostprocessing = 0;
		};
		19DF7F091C1FA4F90003030A /* Sources */ = {
			isa = PBXSourcesBuildPhase;
			buildActionMask = 2147483647;
			files = (
				19DF7F121C1FA4F90003030A /* JamelCalculatorTipUITests.swift in Sources */,
			);
			runOnlyForDeploymentPostprocessing = 0;
		};
/* End PBXSourcesBuildPhase section */

/* Begin PBXTargetDependency section */
		19DF7F041C1FA4F90003030A /* PBXTargetDependency */ = {
			isa = PBXTargetDependency;
			target = 19DF7EED1C1FA4F90003030A /* JamelCalculatorTip */;
			targetProxy = 19DF7F031C1FA4F90003030A /* PBXContainerItemProxy */;
		};
		19DF7F0F1C1FA4F90003030A /* PBXTargetDependency */ = {
			isa = PBXTargetDependency;
			target = 19DF7EED1C1FA4F90003030A /* JamelCalculatorTip */;
			targetProxy = 19DF7F0E1C1FA4F90003030A /* PBXContainerItemProxy */;
		};
/* End PBXTargetDependency section */

/* Begin PBXVariantGroup section */
		19DF7EF51C1FA4F90003030A /* Main.storyboard */ = {
			isa = PBXVariantGroup;
			children = (
				19DF7EF61C1FA4F90003030A /* Base */,
			);
			name = Main.storyboard;
			sourceTree = "<group>";
		};
		19DF7EFA1C1FA4F90003030A /* LaunchScreen.storyboard */ = {
			isa = PBXVariantGroup;
			children = (
				19DF7EFB1C1FA4F90003030A /* Base */,
			);
			name = LaunchScreen.storyboard;
			sourceTree = "<group>";
		};
/* End PBXVariantGroup section */

/* Begin XCBuildConfiguration section */
		19DF7F141C1FA4F90003030A /* Debug */ = {
			isa = XCBuildConfiguration;
			buildSettings = {
				ALWAYS_SEARCH_USER_PATHS = NO;
				CLANG_CXX_LANGUAGE_STANDARD = "gnu++0x";
				CLANG_CXX_LIBRARY = "libc++";
				CLANG_ENABLE_MODULES = YES;
				CLANG_ENABLE_OBJC_ARC = YES;
				CLANG_WARN_BOOL_CONVERSION = YES;
				CLANG_WARN_CONSTANT_CONVERSION = YES;
				CLANG_WARN_DIRECT_OBJC_ISA_USAGE = YES_ERROR;
				CLANG_WARN_EMPTY_BODY = YES;
				CLANG_WARN_ENUM_CONVERSION = YES;
				CLANG_WARN_INT_CONVERSION = YES;
				CLANG_WARN_OBJC_ROOT_CLASS = YES_ERROR;
				CLANG_WARN_UNREACHABLE_CODE = YES;
				CLANG_WARN__DUPLICATE_METHOD_MATCH = YES;
				"CODE_SIGN_IDENTITY[sdk=iphoneos*]" = "iPhone Developer";
				COPY_PHASE_STRIP = NO;
				DEBUG_INFORMATION_FORMAT = dwarf;
				ENABLE_STRICT_OBJC_MSGSEND = YES;
				ENABLE_TESTABILITY = YES;
				GCC_C_LANGUAGE_STANDARD = gnu99;
				GCC_DYNAMIC_NO_PIC = NO;
				GCC_NO_COMMON_BLOCKS = YES;
				GCC_OPTIMIZATION_LEVEL = 0;
				GCC_PREPROCESSOR_DEFINITIONS = (
					"DEBUG=1",
					"$(inherited)",
				);
				GCC_WARN_64_TO_32_BIT_CONVERSION = YES;
				GCC_WARN_ABOUT_RETURN_TYPE = YES_ERROR;
				GCC_WARN_UNDECLARED_SELECTOR = YES;
				GCC_WARN_UNINITIALIZED_AUTOS = YES_AGGRESSIVE;
				GCC_WARN_UNUSED_FUNCTION = YES;
				GCC_WARN_UNUSED_VARIABLE = YES;
				IPHONEOS_DEPLOYMENT_TARGET = 9.0;
				MTL_ENABLE_DEBUG_INFO = YES;
				ONLY_ACTIVE_ARCH = YES;
				SDKROOT = iphoneos;
				SWIFT_OPTIMIZATION_LEVEL = "-Onone";
				TARGETED_DEVICE_FAMILY = "1,2";
			};
			name = Debug;
		};
		19DF7F151C1FA4F90003030A /* Release */ = {
			isa = XCBuildConfiguration;
			buildSettings = {
				ALWAYS_SEARCH_USER_PATHS = NO;
				CLANG_CXX_LANGUAGE_STANDARD = "gnu++0x";
				CLANG_CXX_LIBRARY = "libc++";
				CLANG_ENABLE_MODULES = YES;
				CLANG_ENABLE_OBJC_ARC = YES;
				CLANG_WARN_BOOL_CONVERSION = YES;
				CLANG_WARN_CONSTANT_CONVERSION = YES;
				CLANG_WARN_DIRECT_OBJC_ISA_USAGE = YES_ERROR;
				CLANG_WARN_EMPTY_BODY = YES;
				CLANG_WARN_ENUM_CONVERSION = YES;
				CLANG_WARN_INT_CONVERSION = YES;
				CLANG_WARN_OBJC_ROOT_CLASS = YES_ERROR;
				CLANG_WARN_UNREACHABLE_CODE = YES;
				CLANG_WARN__DUPLICATE_METHOD_MATCH = YES;
				"CODE_SIGN_IDENTITY[sdk=iphoneos*]" = "iPhone Developer";
				COPY_PHASE_STRIP = NO;
				DEBUG_INFORMATION_FORMAT = "dwarf-with-dsym";
				ENABLE_NS_ASSERTIONS = NO;
				ENABLE_STRICT_OBJC_MSGSEND = YES;
				GCC_C_LANGUAGE_STANDARD = gnu99;
				GCC_NO_COMMON_BLOCKS = YES;
				GCC_WARN_64_TO_32_BIT_CONVERSION = YES;
				GCC_WARN_ABOUT_RETURN_TYPE = YES_ERROR;
				GCC_WARN_UNDECLARED_SELECTOR = YES;
				GCC_WARN_UNINITIALIZED_AUTOS = YES_AGGRESSIVE;
				GCC_WARN_UNUSED_FUNCTION = YES;
				GCC_WARN_UNUSED_VARIABLE = YES;
				IPHONEOS_DEPLOYMENT_TARGET = 9.0;
				MTL_ENABLE_DEBUG_INFO = NO;
				SDKROOT = iphoneos;
				TARGETED_DEVICE_FAMILY = "1,2";
				VALIDATE_PRODUCT = YES;
			};
			name = Release;
		};
		19DF7F171C1FA4F90003030A /* Debug */ = {
			isa = XCBuildConfiguration;
			buildSettings = {
				ASSETCATALOG_COMPILER_APPICON_NAME = AppIcon;
				INFOPLIST_FILE = JamelCalculatorTip/Info.plist;
				LD_RUNPATH_SEARCH_PATHS = "$(inherited) @executable_path/Frameworks";
				PRODUCT_BUNDLE_IDENTIFIER = basicapp.JamelCalculatorTip;
				PRODUCT_NAME = "$(TARGET_NAME)";
			};
			name = Debug;
		};
		19DF7F181C1FA4F90003030A /* Release */ = {
			isa = XCBuildConfiguration;
			buildSettings = {
				ASSETCATALOG_COMPILER_APPICON_NAME = AppIcon;
				INFOPLIST_FILE = JamelCalculatorTip/Info.plist;
				LD_RUNPATH_SEARCH_PATHS = "$(inherited) @executable_path/Frameworks";
				PRODUCT_BUNDLE_IDENTIFIER = basicapp.JamelCalculatorTip;
				PRODUCT_NAME = "$(TARGET_NAME)";
			};
			name = Release;
		};
		19DF7F1A1C1FA4F90003030A /* Debug */ = {
			isa = XCBuildConfiguration;
			buildSettings = {
				BUNDLE_LOADER = "$(TEST_HOST)";
				INFOPLIST_FILE = JamelCalculatorTipTests/Info.plist;
				LD_RUNPATH_SEARCH_PATHS = "$(inherited) @executable_path/Frameworks @loader_path/Frameworks";
				PRODUCT_BUNDLE_IDENTIFIER = basicapp.JamelCalculatorTipTests;
				PRODUCT_NAME = "$(TARGET_NAME)";
				TEST_HOST = "$(BUILT_PRODUCTS_DIR)/JamelCalculatorTip.app/JamelCalculatorTip";
			};
			name = Debug;
		};
		19DF7F1B1C1FA4F90003030A /* Release */ = {
			isa = XCBuildConfiguration;
			buildSettings = {
				BUNDLE_LOADER = "$(TEST_HOST)";
				INFOPLIST_FILE = JamelCalculatorTipTests/Info.plist;
				LD_RUNPATH_SEARCH_PATHS = "$(inherited) @executable_path/Frameworks @loader_path/Frameworks";
				PRODUCT_BUNDLE_IDENTIFIER = basicapp.JamelCalculatorTipTests;
				PRODUCT_NAME = "$(TARGET_NAME)";
				TEST_HOST = "$(BUILT_PRODUCTS_DIR)/JamelCalculatorTip.app/JamelCalculatorTip";
			};
			name = Release;
		};
		19DF7F1D1C1FA4F90003030A /* Debug */ = {
			isa = XCBuildConfiguration;
			buildSettings = {
				INFOPLIST_FILE = JamelCalculatorTipUITests/Info.plist;
				LD_RUNPATH_SEARCH_PATHS = "$(inherited) @executable_path/Frameworks @loader_path/Frameworks";
				PRODUCT_BUNDLE_IDENTIFIER = basicapp.JamelCalculatorTipUITests;
				PRODUCT_NAME = "$(TARGET_NAME)";
				TEST_TARGET_NAME = JamelCalculatorTip;
				USES_XCTRUNNER = YES;
			};
			name = Debug;
		};
		19DF7F1E1C1FA4F90003030A /* Release */ = {
			isa = XCBuildConfiguration;
			buildSettings = {
				INFOPLIST_FILE = JamelCalculatorTipUITests/Info.plist;
				LD_RUNPATH_SEARCH_PATHS = "$(inherited) @executable_path/Frameworks @loader_path/Frameworks";
				PRODUCT_BUNDLE_IDENTIFIER = basicapp.JamelCalculatorTipUITests;
				PRODUCT_NAME = "$(TARGET_NAME)";
				TEST_TARGET_NAME = JamelCalculatorTip;
				USES_XCTRUNNER = YES;
			};
			name = Release;
		};
/* End XCBuildConfiguration section */

/* Begin XCConfigurationList section */
		19DF7EE91C1FA4F90003030A /* Build configuration list for PBXProject "JamelCalculatorTip" */ = {
			isa = XCConfigurationList;
			buildConfigurations = (
				19DF7F141C1FA4F90003030A /* Debug */,
				19DF7F151C1FA4F90003030A /* Release */,
			);
			defaultConfigurationIsVisible = 0;
			defaultConfigurationName = Release;
		};
		19DF7F161C1FA4F90003030A /* Build configuration list for PBXNativeTarget "JamelCalculatorTip" */ = {
			isa = XCConfigurationList;
			buildConfigurations = (
				19DF7F171C1FA4F90003030A /* Debug */,
				19DF7F181C1FA4F90003030A /* Release */,
			);
			defaultConfigurationIsVisible = 0;
		};
		19DF7F191C1FA4F90003030A /* Build configuration list for PBXNativeTarget "JamelCalculatorTipTests" */ = {
			isa = XCConfigurationList;
			buildConfigurations = (
				19DF7F1A1C1FA4F90003030A /* Debug */,
				19DF7F1B1C1FA4F90003030A /* Release */,
			);
			defaultConfigurationIsVisible = 0;
		};
		19DF7F1C1C1FA4F90003030A /* Build configuration list for PBXNativeTarget "JamelCalculatorTipUITests" */ = {
			isa = XCConfigurationList;
			buildConfigurations = (
				19DF7F1D1C1FA4F90003030A /* Debug */,
				19DF7F1E1C1FA4F90003030A /* Release */,
			);
			defaultConfigurationIsVisible = 0;
		};
/* End XCConfigurationList section */
	};
	rootObject = 19DF7EE61C1FA4F90003030A /* Project object */;
}
